
Microsoft Visual Studio Solution File, Format Version 12.00
# Visual Studio 15
Project("{FAE04EC0-301F-11D3-BF4B-00C04F79EFBC}") = "Assembly-CSharp-Editor", "Assembly-CSharp-Editor.csproj", "{B9AC2019-FC66-221E-730A-7CBEC88F0E84}"
EndProject
Project("{FAE04EC0-301F-11D3-BF4B-00C04F79EFBC}") = "Assembly-CSharp", "Assembly-CSharp.csproj", "{35CBD50C-FFE4-550F-65FD-1DD5491EB72F}"
EndProject
Global
	GlobalSection(SolutionConfigurationPlatforms) = preSolution
		Debug|Any CPU = Debug|Any CPU
		Release|Any CPU = Release|Any CPU
	EndGlobalSection
	GlobalSection(ProjectConfigurationPlatforms) = postSolution
		{B9AC2019-FC66-221E-730A-7CBEC88F0E84}.Debug|Any CPU.ActiveCfg = Debug|Any CPU
		{B9AC2019-FC66-221E-730A-7CBEC88F0E84}.Debug|Any CPU.Build.0 = Debug|Any CPU
		{B9AC2019-FC66-221E-730A-7CBEC88F0E84}.Release|Any CPU.ActiveCfg = Release|Any CPU
		{B9AC2019-FC66-221E-730A-7CBEC88F0E84}.Release|Any CPU.Build.0 = Release|Any CPU
		{35CBD50C-FFE4-550F-65FD-1DD5491EB72F}.Debug|Any CPU.ActiveCfg = Debug|Any CPU
		{35CBD50C-FFE4-550F-65FD-1DD5491EB72F}.Debug|Any CPU.Build.0 = Debug|Any CPU
		{35CBD50C-FFE4-550F-65FD-1DD5491EB72F}.Release|Any CPU.ActiveCfg = Release|Any CPU
		{35CBD50C-FFE4-550F-65FD-1DD5491EB72F}.Release|Any CPU.Build.0 = Release|Any CPU
	EndGlobalSection
	GlobalSection(SolutionProperties) = preSolution
		HideSolutionNode = FALSE
	EndGlobalSection
EndGlobal
